
Microsoft Visual Studio Solution File, Format Version 12.00
# Visual Studio Version 17
VisualStudioVersion = 17.4.33213.308
MinimumVisualStudioVersion = 10.0.40219.1
Project("{FAE04EC0-301F-11D3-BF4B-00C04F79EFBC}") = "Assign1", "Assign1\Assign1.csproj", "{38759F6F-F5A0-4628-944C-9EE3F29B9246}"
EndProject
Global
	GlobalSection(SolutionConfigurationPlatforms) = preSolution
		Debug|Any CPU = Debug|Any CPU
		Release|Any CPU = Release|Any CPU
	EndGlobalSection
	GlobalSection(ProjectConfigurationPlatforms) = postSolution
		{38759F6F-F5A0-4628-944C-9EE3F29B9246}.Debug|Any CPU.ActiveCfg = Debug|Any CPU
		{38759F6F-F5A0-4628-944C-9EE3F29B9246}.Debug|Any CPU.Build.0 = Debug|Any CPU
		{38759F6F-F5A0-4628-944C-9EE3F29B9246}.Release|Any CPU.ActiveCfg = Release|Any CPU
		{38759F6F-F5A0-4628-944C-9EE3F29B9246}.Release|Any CPU.Build.0 = Release|Any CPU
	EndGlobalSection
	GlobalSection(SolutionProperties) = preSolution
		HideSolutionNode = FALSE
	EndGlobalSection
	GlobalSection(ExtensibilityGlobals) = postSolution
		SolutionGuid = {6308D745-A203-452C-9B64-DE14409FA123}
	EndGlobalSection
EndGlobal
